
Microsoft Visual Studio Solution File, Format Version 12.00
# Visual Studio Version 17
VisualStudioVersion = 17.10.34928.147
MinimumVisualStudioVersion = 10.0.40219.1
Project("{2150E333-8FDC-42A3-9474-1A3956D46DE8}") = "src", "src", "{C1C5DBEE-8607-4F93-A977-60F62587C6D4}"
EndProject
Project("{2150E333-8FDC-42A3-9474-1A3956D46DE8}") = "tests", "tests", "{E6F3A0EF-9B0E-4FC8-BC5D-C527C6D0423F}"
EndProject
Project("{2150E333-8FDC-42A3-9474-1A3956D46DE8}") = "API", "API", "{C5645627-73C6-49D4-B3DD-2E54CCF0FF62}"
EndProject
Project("{2150E333-8FDC-42A3-9474-1A3956D46DE8}") = "Core", "Core", "{F2366639-7263-4244-ACF1-D08D78E6E824}"
EndProject
Project("{2150E333-8FDC-42A3-9474-1A3956D46DE8}") = "Infrastructure", "Infrastructure", "{433160A6-EBDB-4279-86D9-973B7E3020CF}"
EndProject
Project("{2150E333-8FDC-42A3-9474-1A3956D46DE8}") = "UI", "UI", "{AE1FE37A-ADBA-4571-8756-0FDC5A7210B4}"
EndProject
Project("{9A19103F-16F7-4668-BE54-9A1E7A4F7556}") = "HR_LeaveManagement.Domain", "HR_LeaveManagement.Domain\HR_LeaveManagement.Domain.csproj", "{7F6D4420-4BA5-447E-9D8A-3BBE7C9CD7AE}"
EndProject
Project("{9A19103F-16F7-4668-BE54-9A1E7A4F7556}") = "HR_LeaveManagement.Application", "HR_LeaveManagement.Application\HR_LeaveManagement.Application.csproj", "{B4B299D6-F676-4C40-9B21-9D4FA8C48EDD}"
EndProject
Project("{9A19103F-16F7-4668-BE54-9A1E7A4F7556}") = "HR_LeaveManagement.Persistence", "HR_LeaveManagement.Persistence\HR_LeaveManagement.Persistence.csproj", "{C6E4F5D3-8711-49D9-9B37-123F86F6F572}"
EndProject
Project("{9A19103F-16F7-4668-BE54-9A1E7A4F7556}") = "HR_LeaveManagement.Infrastructure", "HR_LeaveManagement.Infrastructure\HR_LeaveManagement.Infrastructure.csproj", "{CBEE5C58-D53C-40D8-99A1-8FDC1B5ED2BE}"
EndProject
Project("{9A19103F-16F7-4668-BE54-9A1E7A4F7556}") = "HR_LeaveManagement.API", "HR_LeaveManagement.API\HR_LeaveManagement.API.csproj", "{0356F5C8-02CF-4B44-BCE3-2CB7CBDADA33}"
EndProject
Project("{9A19103F-16F7-4668-BE54-9A1E7A4F7556}") = "HR_LeaveManagement.Application.UnitTests", "HR_LeaveManagement.Application.UnitTests\HR_LeaveManagement.Application.UnitTests.csproj", "{B6B4B67B-8498-4D31-8105-5021712707D0}"
EndProject
Project("{9A19103F-16F7-4668-BE54-9A1E7A4F7556}") = "HR_LeaveManagement.Persistence.IntegrationTests", "HR_LeaveManagement.Persistence.IntegrationTests\HR_LeaveManagement.Persistence.IntegrationTests.csproj", "{C9E9BF63-5831-44BF-A597-EFD6E0C35041}"
EndProject
Project("{9A19103F-16F7-4668-BE54-9A1E7A4F7556}") = "HR_LeaveManagement.BlazorUI", "HR_LeaveManagement.BlazorUI\HR_LeaveManagement.BlazorUI.csproj", "{48DB122E-F5B9-4A46-ADC8-3D8BCC92AE4B}"
EndProject
Project("{9A19103F-16F7-4668-BE54-9A1E7A4F7556}") = "HR_LeaveManagement.Identity", "HR_LeaveManagement.Identity\HR_LeaveManagement.Identity.csproj", "{CB2F69A9-93E6-439B-9D88-7891E89144B7}"
EndProject
Global
	GlobalSection(SolutionConfigurationPlatforms) = preSolution
		Debug|Any CPU = Debug|Any CPU
		Release|Any CPU = Release|Any CPU
	EndGlobalSection
	GlobalSection(ProjectConfigurationPlatforms) = postSolution
		{7F6D4420-4BA5-447E-9D8A-3BBE7C9CD7AE}.Debug|Any CPU.ActiveCfg = Debug|Any CPU
		{7F6D4420-4BA5-447E-9D8A-3BBE7C9CD7AE}.Debug|Any CPU.Build.0 = Debug|Any CPU
		{7F6D4420-4BA5-447E-9D8A-3BBE7C9CD7AE}.Release|Any CPU.ActiveCfg = Release|Any CPU
		{7F6D4420-4BA5-447E-9D8A-3BBE7C9CD7AE}.Release|Any CPU.Build.0 = Release|Any CPU
		{B4B299D6-F676-4C40-9B21-9D4FA8C48EDD}.Debug|Any CPU.ActiveCfg = Debug|Any CPU
		{B4B299D6-F676-4C40-9B21-9D4FA8C48EDD}.Debug|Any CPU.Build.0 = Debug|Any CPU
		{B4B299D6-F676-4C40-9B21-9D4FA8C48EDD}.Release|Any CPU.ActiveCfg = Release|Any CPU
		{B4B299D6-F676-4C40-9B21-9D4FA8C48EDD}.Release|Any CPU.Build.0 = Release|Any CPU
		{C6E4F5D3-8711-49D9-9B37-123F86F6F572}.Debug|Any CPU.ActiveCfg = Debug|Any CPU
		{C6E4F5D3-8711-49D9-9B37-123F86F6F572}.Debug|Any CPU.Build.0 = Debug|Any CPU
		{C6E4F5D3-8711-49D9-9B37-123F86F6F572}.Release|Any CPU.ActiveCfg = Release|Any CPU
		{C6E4F5D3-8711-49D9-9B37-123F86F6F572}.Release|Any CPU.Build.0 = Release|Any CPU
		{CBEE5C58-D53C-40D8-99A1-8FDC1B5ED2BE}.Debug|Any CPU.ActiveCfg = Debug|Any CPU
		{CBEE5C58-D53C-40D8-99A1-8FDC1B5ED2BE}.Debug|Any CPU.Build.0 = Debug|Any CPU
		{CBEE5C58-D53C-40D8-99A1-8FDC1B5ED2BE}.Release|Any CPU.ActiveCfg = Release|Any CPU
		{CBEE5C58-D53C-40D8-99A1-8FDC1B5ED2BE}.Release|Any CPU.Build.0 = Release|Any CPU
		{0356F5C8-02CF-4B44-BCE3-2CB7CBDADA33}.Debug|Any CPU.ActiveCfg = Debug|Any CPU
		{0356F5C8-02CF-4B44-BCE3-2CB7CBDADA33}.Debug|Any CPU.Build.0 = Debug|Any CPU
		{0356F5C8-02CF-4B44-BCE3-2CB7CBDADA33}.Release|Any CPU.ActiveCfg = Release|Any CPU
		{0356F5C8-02CF-4B44-BCE3-2CB7CBDADA33}.Release|Any CPU.Build.0 = Release|Any CPU
		{B6B4B67B-8498-4D31-8105-5021712707D0}.Debug|Any CPU.ActiveCfg = Debug|Any CPU
		{B6B4B67B-8498-4D31-8105-5021712707D0}.Debug|Any CPU.Build.0 = Debug|Any CPU
		{B6B4B67B-8498-4D31-8105-5021712707D0}.Release|Any CPU.ActiveCfg = Release|Any CPU
		{B6B4B67B-8498-4D31-8105-5021712707D0}.Release|Any CPU.Build.0 = Release|Any CPU
		{C9E9BF63-5831-44BF-A597-EFD6E0C35041}.Debug|Any CPU.ActiveCfg = Debug|Any CPU
		{C9E9BF63-5831-44BF-A597-EFD6E0C35041}.Debug|Any CPU.Build.0 = Debug|Any CPU
		{C9E9BF63-5831-44BF-A597-EFD6E0C35041}.Release|Any CPU.ActiveCfg = Release|Any CPU
		{C9E9BF63-5831-44BF-A597-EFD6E0C35041}.Release|Any CPU.Build.0 = Release|Any CPU
		{48DB122E-F5B9-4A46-ADC8-3D8BCC92AE4B}.Debug|Any CPU.ActiveCfg = Debug|Any CPU
		{48DB122E-F5B9-4A46-ADC8-3D8BCC92AE4B}.Debug|Any CPU.Build.0 = Debug|Any CPU
		{48DB122E-F5B9-4A46-ADC8-3D8BCC92AE4B}.Release|Any CPU.ActiveCfg = Release|Any CPU
		{48DB122E-F5B9-4A46-ADC8-3D8BCC92AE4B}.Release|Any CPU.Build.0 = Release|Any CPU
		{CB2F69A9-93E6-439B-9D88-7891E89144B7}.Debug|Any CPU.ActiveCfg = Debug|Any CPU
		{CB2F69A9-93E6-439B-9D88-7891E89144B7}.Debug|Any CPU.Build.0 = Debug|Any CPU
		{CB2F69A9-93E6-439B-9D88-7891E89144B7}.Release|Any CPU.ActiveCfg = Release|Any CPU
		{CB2F69A9-93E6-439B-9D88-7891E89144B7}.Release|Any CPU.Build.0 = Release|Any CPU
	EndGlobalSection
	GlobalSection(SolutionProperties) = preSolution
		HideSolutionNode = FALSE
	EndGlobalSection
	GlobalSection(NestedProjects) = preSolution
		{C5645627-73C6-49D4-B3DD-2E54CCF0FF62} = {C1C5DBEE-8607-4F93-A977-60F62587C6D4}
		{F2366639-7263-4244-ACF1-D08D78E6E824} = {C1C5DBEE-8607-4F93-A977-60F62587C6D4}
		{433160A6-EBDB-4279-86D9-973B7E3020CF} = {C1C5DBEE-8607-4F93-A977-60F62587C6D4}
		{AE1FE37A-ADBA-4571-8756-0FDC5A7210B4} = {C1C5DBEE-8607-4F93-A977-60F62587C6D4}
		{7F6D4420-4BA5-447E-9D8A-3BBE7C9CD7AE} = {F2366639-7263-4244-ACF1-D08D78E6E824}
		{B4B299D6-F676-4C40-9B21-9D4FA8C48EDD} = {F2366639-7263-4244-ACF1-D08D78E6E824}
		{C6E4F5D3-8711-49D9-9B37-123F86F6F572} = {433160A6-EBDB-4279-86D9-973B7E3020CF}
		{CBEE5C58-D53C-40D8-99A1-8FDC1B5ED2BE} = {433160A6-EBDB-4279-86D9-973B7E3020CF}
		{0356F5C8-02CF-4B44-BCE3-2CB7CBDADA33} = {C5645627-73C6-49D4-B3DD-2E54CCF0FF62}
		{B6B4B67B-8498-4D31-8105-5021712707D0} = {E6F3A0EF-9B0E-4FC8-BC5D-C527C6D0423F}
		{C9E9BF63-5831-44BF-A597-EFD6E0C35041} = {E6F3A0EF-9B0E-4FC8-BC5D-C527C6D0423F}
		{48DB122E-F5B9-4A46-ADC8-3D8BCC92AE4B} = {AE1FE37A-ADBA-4571-8756-0FDC5A7210B4}
		{CB2F69A9-93E6-439B-9D88-7891E89144B7} = {433160A6-EBDB-4279-86D9-973B7E3020CF}
	EndGlobalSection
	GlobalSection(ExtensibilityGlobals) = postSolution
		SolutionGuid = {1B4C62C0-DDEB-4A7B-9DC7-F02ABAC25606}
	EndGlobalSection
EndGlobal
